
Microsoft Visual Studio Solution File, Format Version 12.00
# Visual Studio Version 16
VisualStudioVersion = 16.0.30517.126
MinimumVisualStudioVersion = 10.0.40219.1
Project("{9A19103F-16F7-4668-BE54-9A1E7A4F7556}") = "Common", "Common\Common.csproj", "{1BF4271A-29D2-4222-9A7A-F3564EF9717F}"
EndProject
Project("{9A19103F-16F7-4668-BE54-9A1E7A4F7556}") = "Logic", "Logic\Logic.csproj", "{133B83C8-8825-4412-AB65-71BDAAC3851F}"
	ProjectSection(ProjectDependencies) = postProject
		{1BF4271A-29D2-4222-9A7A-F3564EF9717F} = {1BF4271A-29D2-4222-9A7A-F3564EF9717F}
		{E3F18692-35D9-42E2-8512-1C87C50F2717} = {E3F18692-35D9-42E2-8512-1C87C50F2717}
	EndProjectSection
EndProject
Project("{9A19103F-16F7-4668-BE54-9A1E7A4F7556}") = "Data", "Data\Data.csproj", "{E3F18692-35D9-42E2-8512-1C87C50F2717}"
	ProjectSection(ProjectDependencies) = postProject
		{1BF4271A-29D2-4222-9A7A-F3564EF9717F} = {1BF4271A-29D2-4222-9A7A-F3564EF9717F}
	EndProjectSection
EndProject
Project("{9A19103F-16F7-4668-BE54-9A1E7A4F7556}") = "XUnitTestWebApp.Tests", "Tests\XUnitTestWebApp.Tests.csproj", "{FCCF53D5-6305-4815-A3FE-C65D2384EE87}"
	ProjectSection(ProjectDependencies) = postProject
		{1BF4271A-29D2-4222-9A7A-F3564EF9717F} = {1BF4271A-29D2-4222-9A7A-F3564EF9717F}
		{E3F18692-35D9-42E2-8512-1C87C50F2717} = {E3F18692-35D9-42E2-8512-1C87C50F2717}
		{133B83C8-8825-4412-AB65-71BDAAC3851F} = {133B83C8-8825-4412-AB65-71BDAAC3851F}
	EndProjectSection
EndProject
Project("{9A19103F-16F7-4668-BE54-9A1E7A4F7556}") = "XUnitTestWebApp", "XUnitTestWebApp\XUnitTestWebApp.csproj", "{3C3F15B4-779C-46B3-A109-685753F6B6CA}"
EndProject
Global
	GlobalSection(SolutionConfigurationPlatforms) = preSolution
		Debug|Any CPU = Debug|Any CPU
		Release|Any CPU = Release|Any CPU
	EndGlobalSection
	GlobalSection(ProjectConfigurationPlatforms) = postSolution
		{1BF4271A-29D2-4222-9A7A-F3564EF9717F}.Debug|Any CPU.ActiveCfg = Debug|Any CPU
		{1BF4271A-29D2-4222-9A7A-F3564EF9717F}.Debug|Any CPU.Build.0 = Debug|Any CPU
		{1BF4271A-29D2-4222-9A7A-F3564EF9717F}.Release|Any CPU.ActiveCfg = Release|Any CPU
		{1BF4271A-29D2-4222-9A7A-F3564EF9717F}.Release|Any CPU.Build.0 = Release|Any CPU
		{133B83C8-8825-4412-AB65-71BDAAC3851F}.Debug|Any CPU.ActiveCfg = Debug|Any CPU
		{133B83C8-8825-4412-AB65-71BDAAC3851F}.Debug|Any CPU.Build.0 = Debug|Any CPU
		{133B83C8-8825-4412-AB65-71BDAAC3851F}.Release|Any CPU.ActiveCfg = Release|Any CPU
		{133B83C8-8825-4412-AB65-71BDAAC3851F}.Release|Any CPU.Build.0 = Release|Any CPU
		{E3F18692-35D9-42E2-8512-1C87C50F2717}.Debug|Any CPU.ActiveCfg = Debug|Any CPU
		{E3F18692-35D9-42E2-8512-1C87C50F2717}.Debug|Any CPU.Build.0 = Debug|Any CPU
		{E3F18692-35D9-42E2-8512-1C87C50F2717}.Release|Any CPU.ActiveCfg = Release|Any CPU
		{E3F18692-35D9-42E2-8512-1C87C50F2717}.Release|Any CPU.Build.0 = Release|Any CPU
		{FCCF53D5-6305-4815-A3FE-C65D2384EE87}.Debug|Any CPU.ActiveCfg = Debug|Any CPU
		{FCCF53D5-6305-4815-A3FE-C65D2384EE87}.Debug|Any CPU.Build.0 = Debug|Any CPU
		{FCCF53D5-6305-4815-A3FE-C65D2384EE87}.Release|Any CPU.ActiveCfg = Release|Any CPU
		{FCCF53D5-6305-4815-A3FE-C65D2384EE87}.Release|Any CPU.Build.0 = Release|Any CPU
		{3C3F15B4-779C-46B3-A109-685753F6B6CA}.Debug|Any CPU.ActiveCfg = Debug|Any CPU
		{3C3F15B4-779C-46B3-A109-685753F6B6CA}.Debug|Any CPU.Build.0 = Debug|Any CPU
		{3C3F15B4-779C-46B3-A109-685753F6B6CA}.Release|Any CPU.ActiveCfg = Release|Any CPU
		{3C3F15B4-779C-46B3-A109-685753F6B6CA}.Release|Any CPU.Build.0 = Release|Any CPU
	EndGlobalSection
	GlobalSection(SolutionProperties) = preSolution
		HideSolutionNode = FALSE
	EndGlobalSection
	GlobalSection(ExtensibilityGlobals) = postSolution
		SolutionGuid = {70FF8C9C-9FC4-49FA-A32C-EA52F68CBD93}
	EndGlobalSection
EndGlobal
